
Microsoft Visual Studio Solution File, Format Version 12.00
# Visual Studio Version 16
VisualStudioVersion = 16.0.29102.190
MinimumVisualStudioVersion = 10.0.40219.1
Project("{8BC9CEB8-8B4A-11D0-8D11-00A0C91BC942}") = "c_ch7_1_ex1-1", "c_ch7_1_ex1-1\c_ch7_1_ex1-1.vcxproj", "{87A4496C-6318-444E-A73E-127E79308E09}"
EndProject
Global
	GlobalSection(SolutionConfigurationPlatforms) = preSolution
		Debug|x64 = Debug|x64
		Debug|x86 = Debug|x86
		Release|x64 = Release|x64
		Release|x86 = Release|x86
	EndGlobalSection
	GlobalSection(ProjectConfigurationPlatforms) = postSolution
		{87A4496C-6318-444E-A73E-127E79308E09}.Debug|x64.ActiveCfg = Debug|x64
		{87A4496C-6318-444E-A73E-127E79308E09}.Debug|x64.Build.0 = Debug|x64
		{87A4496C-6318-444E-A73E-127E79308E09}.Debug|x86.ActiveCfg = Debug|Win32
		{87A4496C-6318-444E-A73E-127E79308E09}.Debug|x86.Build.0 = Debug|Win32
		{87A4496C-6318-444E-A73E-127E79308E09}.Release|x64.ActiveCfg = Release|x64
		{87A4496C-6318-444E-A73E-127E79308E09}.Release|x64.Build.0 = Release|x64
		{87A4496C-6318-444E-A73E-127E79308E09}.Release|x86.ActiveCfg = Release|Win32
		{87A4496C-6318-444E-A73E-127E79308E09}.Release|x86.Build.0 = Release|Win32
	EndGlobalSection
	GlobalSection(SolutionProperties) = preSolution
		HideSolutionNode = FALSE
	EndGlobalSection
	GlobalSection(ExtensibilityGlobals) = postSolution
		SolutionGuid = {C6CD65A4-032C-419C-B424-EEA97566BA05}
	EndGlobalSection
EndGlobal
