
Microsoft Visual Studio Solution File, Format Version 12.00
# Visual Studio Version 16
VisualStudioVersion = 16.0.29102.190
MinimumVisualStudioVersion = 10.0.40219.1
Project("{8BC9CEB8-8B4A-11D0-8D11-00A0C91BC942}") = "c_ch7_1_ex2-2", "c_ch7_1_ex2-2\c_ch7_1_ex2-2.vcxproj", "{23FD481F-0C39-4FFB-8041-69A2C3F22688}"
EndProject
Global
	GlobalSection(SolutionConfigurationPlatforms) = preSolution
		Debug|x64 = Debug|x64
		Debug|x86 = Debug|x86
		Release|x64 = Release|x64
		Release|x86 = Release|x86
	EndGlobalSection
	GlobalSection(ProjectConfigurationPlatforms) = postSolution
		{23FD481F-0C39-4FFB-8041-69A2C3F22688}.Debug|x64.ActiveCfg = Debug|x64
		{23FD481F-0C39-4FFB-8041-69A2C3F22688}.Debug|x64.Build.0 = Debug|x64
		{23FD481F-0C39-4FFB-8041-69A2C3F22688}.Debug|x86.ActiveCfg = Debug|Win32
		{23FD481F-0C39-4FFB-8041-69A2C3F22688}.Debug|x86.Build.0 = Debug|Win32
		{23FD481F-0C39-4FFB-8041-69A2C3F22688}.Release|x64.ActiveCfg = Release|x64
		{23FD481F-0C39-4FFB-8041-69A2C3F22688}.Release|x64.Build.0 = Release|x64
		{23FD481F-0C39-4FFB-8041-69A2C3F22688}.Release|x86.ActiveCfg = Release|Win32
		{23FD481F-0C39-4FFB-8041-69A2C3F22688}.Release|x86.Build.0 = Release|Win32
	EndGlobalSection
	GlobalSection(SolutionProperties) = preSolution
		HideSolutionNode = FALSE
	EndGlobalSection
	GlobalSection(ExtensibilityGlobals) = postSolution
		SolutionGuid = {109DDE20-9D89-4594-87ED-B59B6CC183FF}
	EndGlobalSection
EndGlobal
