
Microsoft Visual Studio Solution File, Format Version 12.00
# Visual Studio Version 16
VisualStudioVersion = 16.0.29102.190
MinimumVisualStudioVersion = 10.0.40219.1
Project("{8BC9CEB8-8B4A-11D0-8D11-00A0C91BC942}") = "c_ch20_ex2_scanf", "c_ch20_ex2_scanf\c_ch20_ex2_scanf.vcxproj", "{7E2B9E3D-5C81-45BD-AEE5-9147948C0B5D}"
EndProject
Global
	GlobalSection(SolutionConfigurationPlatforms) = preSolution
		Debug|x64 = Debug|x64
		Debug|x86 = Debug|x86
		Release|x64 = Release|x64
		Release|x86 = Release|x86
	EndGlobalSection
	GlobalSection(ProjectConfigurationPlatforms) = postSolution
		{7E2B9E3D-5C81-45BD-AEE5-9147948C0B5D}.Debug|x64.ActiveCfg = Debug|x64
		{7E2B9E3D-5C81-45BD-AEE5-9147948C0B5D}.Debug|x64.Build.0 = Debug|x64
		{7E2B9E3D-5C81-45BD-AEE5-9147948C0B5D}.Debug|x86.ActiveCfg = Debug|Win32
		{7E2B9E3D-5C81-45BD-AEE5-9147948C0B5D}.Debug|x86.Build.0 = Debug|Win32
		{7E2B9E3D-5C81-45BD-AEE5-9147948C0B5D}.Release|x64.ActiveCfg = Release|x64
		{7E2B9E3D-5C81-45BD-AEE5-9147948C0B5D}.Release|x64.Build.0 = Release|x64
		{7E2B9E3D-5C81-45BD-AEE5-9147948C0B5D}.Release|x86.ActiveCfg = Release|Win32
		{7E2B9E3D-5C81-45BD-AEE5-9147948C0B5D}.Release|x86.Build.0 = Release|Win32
	EndGlobalSection
	GlobalSection(SolutionProperties) = preSolution
		HideSolutionNode = FALSE
	EndGlobalSection
	GlobalSection(ExtensibilityGlobals) = postSolution
		SolutionGuid = {00120D15-8FF2-4E30-82C8-2B491D3B9E2D}
	EndGlobalSection
EndGlobal
