
Microsoft Visual Studio Solution File, Format Version 12.00
# Visual Studio Version 16
VisualStudioVersion = 16.0.29102.190
MinimumVisualStudioVersion = 10.0.40219.1
Project("{8BC9CEB8-8B4A-11D0-8D11-00A0C91BC942}") = "c_ch5_2_ex3", "c_ch5_2_ex3\c_ch5_2_ex3.vcxproj", "{A95FAAFF-A7AB-4F62-ADF0-2E120781E2A8}"
EndProject
Global
	GlobalSection(SolutionConfigurationPlatforms) = preSolution
		Debug|x64 = Debug|x64
		Debug|x86 = Debug|x86
		Release|x64 = Release|x64
		Release|x86 = Release|x86
	EndGlobalSection
	GlobalSection(ProjectConfigurationPlatforms) = postSolution
		{A95FAAFF-A7AB-4F62-ADF0-2E120781E2A8}.Debug|x64.ActiveCfg = Debug|x64
		{A95FAAFF-A7AB-4F62-ADF0-2E120781E2A8}.Debug|x64.Build.0 = Debug|x64
		{A95FAAFF-A7AB-4F62-ADF0-2E120781E2A8}.Debug|x86.ActiveCfg = Debug|Win32
		{A95FAAFF-A7AB-4F62-ADF0-2E120781E2A8}.Debug|x86.Build.0 = Debug|Win32
		{A95FAAFF-A7AB-4F62-ADF0-2E120781E2A8}.Release|x64.ActiveCfg = Release|x64
		{A95FAAFF-A7AB-4F62-ADF0-2E120781E2A8}.Release|x64.Build.0 = Release|x64
		{A95FAAFF-A7AB-4F62-ADF0-2E120781E2A8}.Release|x86.ActiveCfg = Release|Win32
		{A95FAAFF-A7AB-4F62-ADF0-2E120781E2A8}.Release|x86.Build.0 = Release|Win32
	EndGlobalSection
	GlobalSection(SolutionProperties) = preSolution
		HideSolutionNode = FALSE
	EndGlobalSection
	GlobalSection(ExtensibilityGlobals) = postSolution
		SolutionGuid = {A625BC2F-2112-4305-AFBE-E42AF3D7B384}
	EndGlobalSection
EndGlobal
