
Microsoft Visual Studio Solution File, Format Version 12.00
# Visual Studio Version 16
VisualStudioVersion = 16.0.29102.190
MinimumVisualStudioVersion = 10.0.40219.1
Project("{8BC9CEB8-8B4A-11D0-8D11-00A0C91BC942}") = "c_ch11_2_ex2", "c_ch11_2_ex2\c_ch11_2_ex2.vcxproj", "{B31B3178-3F5C-4B19-9D66-50E5A414656F}"
EndProject
Global
	GlobalSection(SolutionConfigurationPlatforms) = preSolution
		Debug|x64 = Debug|x64
		Debug|x86 = Debug|x86
		Release|x64 = Release|x64
		Release|x86 = Release|x86
	EndGlobalSection
	GlobalSection(ProjectConfigurationPlatforms) = postSolution
		{B31B3178-3F5C-4B19-9D66-50E5A414656F}.Debug|x64.ActiveCfg = Debug|x64
		{B31B3178-3F5C-4B19-9D66-50E5A414656F}.Debug|x64.Build.0 = Debug|x64
		{B31B3178-3F5C-4B19-9D66-50E5A414656F}.Debug|x86.ActiveCfg = Debug|Win32
		{B31B3178-3F5C-4B19-9D66-50E5A414656F}.Debug|x86.Build.0 = Debug|Win32
		{B31B3178-3F5C-4B19-9D66-50E5A414656F}.Release|x64.ActiveCfg = Release|x64
		{B31B3178-3F5C-4B19-9D66-50E5A414656F}.Release|x64.Build.0 = Release|x64
		{B31B3178-3F5C-4B19-9D66-50E5A414656F}.Release|x86.ActiveCfg = Release|Win32
		{B31B3178-3F5C-4B19-9D66-50E5A414656F}.Release|x86.Build.0 = Release|Win32
	EndGlobalSection
	GlobalSection(SolutionProperties) = preSolution
		HideSolutionNode = FALSE
	EndGlobalSection
	GlobalSection(ExtensibilityGlobals) = postSolution
		SolutionGuid = {1B7CE118-66E2-4BCC-B314-CA716E8DBAF1}
	EndGlobalSection
EndGlobal
